{
  "name": "mika-wallpaper",
  "version": "1.0.0",
  "lockfileVersion": 3,
  "requires": true,
  "packages": {
    "": {
      "name": "mika-wallpaper",
      "version": "1.0.0",
      "dependencies": {
        "ba-memorial-lobby-wallpaper-runtime": "^0.2.0"
      },
      "engines": {
        "node": ">=22"
      }
    },
    "node_modules/ba-memorial-lobby-wallpaper-runtime": {
      "version": "0.2.0",
      "resolved": "https://registry.npmjs.org/ba-memorial-lobby-wallpaper-runtime/-/ba-memorial-lobby-wallpaper-runtime-0.2.0.tgz",
      "integrity": "sha512-DlqSDpBbC+LdN1pK7KXMvKjWdu7BwMfyLi2zWAUFpzWVEmssviPHB1dgf9WOgOXLfCtzZPng7b50npGx6+r8yQ=="
    }
  }
}
