{
  "name": "mika-wallpaper",
  "version": "1.0.3",
  "lockfileVersion": 3,
  "requires": true,
  "packages": {
    "": {
      "name": "mika-wallpaper",
      "version": "1.0.2",
      "dependencies": {
        "ba-memorial-lobby-wallpaper-runtime": "^0.4.0"
      },
      "engines": {
        "node": ">=22"
      }
    },
    "node_modules/ba-memorial-lobby-wallpaper-runtime": {
      "version": "0.4.0",
      "resolved": "https://registry.npmjs.org/ba-memorial-lobby-wallpaper-runtime/-/ba-memorial-lobby-wallpaper-runtime-0.4.0.tgz",
      "integrity": "sha512-7mALZt2WvoABnTSPw1VcJU+rfvPGUv5m9HOqv4mIpBYQRCp90jy6mr/i9S/iFTuJXWsBdGY7NmtCS5Z40Nm3Iw=="
    }
  }
}
