{
  "name": "mika-wallpaper",
  "version": "1.0.1",
  "lockfileVersion": 3,
  "requires": true,
  "packages": {
    "": {
      "name": "mika-wallpaper",
      "version": "1.0.1",
      "dependencies": {
        "ba-memorial-lobby-wallpaper-runtime": "^0.3.1"
      },
      "engines": {
        "node": ">=22"
      }
    },
    "node_modules/ba-memorial-lobby-wallpaper-runtime": {
      "version": "0.3.1",
      "resolved": "https://registry.npmjs.org/ba-memorial-lobby-wallpaper-runtime/-/ba-memorial-lobby-wallpaper-runtime-0.3.1.tgz",
      "integrity": "sha512-2e47IIMnSu5h9z0UEnrgVwZLojD1JNt9iKFDTWCF1UJrP+EB3nRgpTl9Jg/MVG60obwlPUZJcPagFH5LnpjrzA=="
    }
  }
}
